// !$*UTF8*$!
{
	archiveVersion = 1;
	classes = {
	};
	objectVersion = 50;
	objects = {

/* Begin PBXBuildFile section */
		AB64E8F12263B29F00119FCA /* AppDelegate.swift in Sources */ = {isa = PBXBuildFile; fileRef = AB64E8F02263B29F00119FCA /* AppDelegate.swift */; };
		AB64E8F32263B29F00119FCA /* ViewController.swift in Sources */ = {isa = PBXBuildFile; fileRef = AB64E8F22263B29F00119FCA /* ViewController.swift */; };
		AB64E8F62263B29F00119FCA /* Main.storyboard in Resources */ = {isa = PBXBuildFile; fileRef = AB64E8F42263B29F00119FCA /* Main.storyboard */; };
		AB64E8F82263B2A000119FCA /* Assets.xcassets in Resources */ = {isa = PBXBuildFile; fileRef = AB64E8F72263B2A000119FCA /* Assets.xcassets */; };
		AB64E8FB2263B2A000119FCA /* LaunchScreen.storyboard in Resources */ = {isa = PBXBuildFile; fileRef = AB64E8F92263B2A000119FCA /* LaunchScreen.storyboard */; };
		AB64E9042263B30A00119FCA /* notify_post.m in Sources */ = {isa = PBXBuildFile; fileRef = AB64E9032263B30A00119FCA /* notify_post.m */; };
/* End PBXBuildFile section */

/* Begin PBXFileReference section */
		AB64E8ED2263B29F00119FCA /* notify_post.app */ = {isa = PBXFileReference; explicitFileType = wrapper.application; includeInIndex = 0; path = notify_post.app; sourceTree = BUILT_PRODUCTS_DIR; };
		AB64E8F02263B29F00119FCA /* AppDelegate.swift */ = {isa = PBXFileReference; lastKnownFileType = sourcecode.swift; path = AppDelegate.swift; sourceTree = "<group>"; };
		AB64E8F22263B29F00119FCA /* ViewController.swift */ = {isa = PBXFileReference; lastKnownFileType = sourcecode.swift; path = ViewController.swift; sourceTree = "<group>"; };
		AB64E8F52263B29F00119FCA /* Base */ = {isa = PBXFileReference; lastKnownFileType = file.storyboard; name = Base; path = Base.lproj/Main.storyboard; sourceTree = "<group>"; };
		AB64E8F72263B2A000119FCA /* Assets.xcassets */ = {isa = PBXFileReference; lastKnownFileType = folder.assetcatalog; path = Assets.xcassets; sourceTree = "<group>"; };
		AB64E8FA2263B2A000119FCA /* Base */ = {isa = PBXFileReference; lastKnownFileType = file.storyboard; name = Base; path = Base.lproj/LaunchScreen.storyboard; sourceTree = "<group>"; };
		AB64E8FC2263B2A000119FCA /* Info.plist */ = {isa = PBXFileReference; lastKnownFileType = text.plist.xml; path = Info.plist; sourceTree = "<group>"; };
		AB64E9022263B30A00119FCA /* notify_post-Bridging-Header.h */ = {isa = PBXFileReference; lastKnownFileType = sourcecode.c.h; path = "notify_post-Bridging-Header.h"; sourceTree = "<group>"; };
		AB64E9032263B30A00119FCA /* notify_post.m */ = {isa = PBXFileReference; lastKnownFileType = sourcecode.c.objc; path = notify_post.m; sourceTree = "<group>"; };
		AB64E9052263B31D00119FCA /* notify_post.h */ = {isa = PBXFileReference; lastKnownFileType = sourcecode.c.h; path = notify_post.h; sourceTree = "<group>"; };
/* End PBXFileReference section */

/* Begin PBXFrameworksBuildPhase section */
		AB64E8EA2263B29F00119FCA /* Frameworks */ = {
			isa = PBXFrameworksBuildPhase;
			buildActionMask = 2147483647;
			files = (
			);
			runOnlyForDeploymentPostprocessing = 0;
		};
/* End PBXFrameworksBuildPhase section */

/* Begin PBXGroup section */
		AB64E8E42263B29F00119FCA = {
			isa = PBXGroup;
			children = (
				AB64E8EF2263B29F00119FCA /* notify_post */,
				AB64E8EE2263B29F00119FCA /* Products */,
			);
			sourceTree = "<group>";
		};
		AB64E8EE2263B29F00119FCA /* Products */ = {
			isa = PBXGroup;
			children = (
				AB64E8ED2263B29F00119FCA /* notify_post.app */,
			);
			name = Products;
			sourceTree = "<group>";
		};
		AB64E8EF2263B29F00119FCA /* notify_post */ = {
			isa = PBXGroup;
			children = (
				AB64E8F02263B29F00119FCA /* AppDelegate.swift */,
				AB64E8F22263B29F00119FCA /* ViewController.swift */,
				AB64E9032263B30A00119FCA /* notify_post.m */,
				AB64E9052263B31D00119FCA /* notify_post.h */,
				AB64E9022263B30A00119FCA /* notify_post-Bridging-Header.h */,
				AB64E8F42263B29F00119FCA /* Main.storyboard */,
				AB64E8F72263B2A000119FCA /* Assets.xcassets */,
				AB64E8F92263B2A000119FCA /* LaunchScreen.storyboard */,
				AB64E8FC2263B2A000119FCA /* Info.plist */,
			);
			path = notify_post;
			sourceTree = "<group>";
		};
/* End PBXGroup section */

/* Begin PBXNativeTarget section */
		AB64E8EC2263B29F00119FCA /* notify_post */ = {
			isa = PBXNativeTarget;
			buildConfigurationList = AB64E8FF2263B2A000119FCA /* Build configuration list for PBXNativeTarget "notify_post" */;
			buildPhases = (
				AB64E8E92263B29F00119FCA /* Sources */,
				AB64E8EA2263B29F00119FCA /* Frameworks */,
				AB64E8EB2263B29F00119FCA /* Resources */,
			);
			buildRules = (
			);
			dependencies = (
			);
			name = notify_post;
			productName = notify_post;
			productReference = AB64E8ED2263B29F00119FCA /* notify_post.app */;
			productType = "com.apple.product-type.application";
		};
/* End PBXNativeTarget section */

/* Begin PBXProject section */
		AB64E8E52263B29F00119FCA /* Project object */ = {
			isa = PBXProject;
			attributes = {
				LastSwiftUpdateCheck = 1020;
				LastUpgradeCheck = 1020;
				ORGANIZATIONNAME = "Lakr Aream";
				TargetAttributes = {
					AB64E8EC2263B29F00119FCA = {
						CreatedOnToolsVersion = 10.2;
						LastSwiftMigration = 1020;
					};
				};
			};
			buildConfigurationList = AB64E8E82263B29F00119FCA /* Build configuration list for PBXProject "notify_post" */;
			compatibilityVersion = "Xcode 9.3";
			developmentRegion = en;
			hasScannedForEncodings = 0;
			knownRegions = (
				en,
				Base,
			);
			mainGroup = AB64E8E42263B29F00119FCA;
			productRefGroup = AB64E8EE2263B29F00119FCA /* Products */;
			projectDirPath = "";
			projectRoot = "";
			targets = (
				AB64E8EC2263B29F00119FCA /* notify_post */,
			);
		};
/* End PBXProject section */

/* Begin PBXResourcesBuildPhase section */
		AB64E8EB2263B29F00119FCA /* Resources */ = {
			isa = PBXResourcesBuildPhase;
			buildActionMask = 2147483647;
			files = (
				AB64E8FB2263B2A000119FCA /* LaunchScreen.storyboard in Resources */,
				AB64E8F82263B2A000119FCA /* Assets.xcassets in Resources */,
				AB64E8F62263B29F00119FCA /* Main.storyboard in Resources */,
			);
			runOnlyForDeploymentPostprocessing = 0;
		};
/* End PBXResourcesBuildPhase section */

/* Begin PBXSourcesBuildPhase section */
		AB64E8E92263B29F00119FCA /* Sources */ = {
			isa = PBXSourcesBuildPhase;
			buildActionMask = 2147483647;
			files = (
				AB64E8F32263B29F00119FCA /* ViewController.swift in Sources */,
				AB64E9042263B30A00119FCA /* notify_post.m in Sources */,
				AB64E8F12263B29F00119FCA /* AppDelegate.swift in Sources */,
			);
			runOnlyForDeploymentPostprocessing = 0;
		};
/* End PBXSourcesBuildPhase section */

/* Begin PBXVariantGroup section */
		AB64E8F42263B29F00119FCA /* Main.storyboard */ = {
			isa = PBXVariantGroup;
			children = (
				AB64E8F52263B29F00119FCA /* Base */,
			);
			name = Main.storyboard;
			sourceTree = "<group>";
		};
		AB64E8F92263B2A000119FCA /* LaunchScreen.storyboard */ = {
			isa = PBXVariantGroup;
			children = (
				AB64E8FA2263B2A000119FCA /* Base */,
			);
			name = LaunchScreen.storyboard;
			sourceTree = "<group>";
		};
/* End PBXVariantGroup section */

/* Begin XCBuildConfiguration section */
		AB64E8FD2263B2A000119FCA /* Debug */ = {
			isa = XCBuildConfiguration;
			buildSettings = {
				ALWAYS_SEARCH_USER_PATHS = NO;
				CLANG_ANALYZER_NONNULL = YES;
				CLANG_ANALYZER_NUMBER_OBJECT_CONVERSION = YES_AGGRESSIVE;
				CLANG_CXX_LANGUAGE_STANDARD = "gnu++14";
				CLANG_CXX_LIBRARY = "libc++";
				CLANG_ENABLE_MODULES = YES;
				CLANG_ENABLE_OBJC_ARC = YES;
				CLANG_ENABLE_OBJC_WEAK = YES;
				CLANG_WARN_BLOCK_CAPTURE_AUTORELEASING = YES;
				CLANG_WARN_BOOL_CONVERSION = YES;
				CLANG_WARN_COMMA = YES;
				CLANG_WARN_CONSTANT_CONVERSION = YES;
				CLANG_WARN_DEPRECATED_OBJC_IMPLEMENTATIONS = YES;
				CLANG_WARN_DIRECT_OBJC_ISA_USAGE = YES_ERROR;
				CLANG_WARN_DOCUMENTATION_COMMENTS = YES;
				CLANG_WARN_EMPTY_BODY = YES;
				CLANG_WARN_ENUM_CONVERSION = YES;
				CLANG_WARN_INFINITE_RECURSION = YES;
				CLANG_WARN_INT_CONVERSION = YES;
				CLANG_WARN_NON_LITERAL_NULL_CONVERSION = YES;
				CLANG_WARN_OBJC_IMPLICIT_RETAIN_SELF = YES;
				CLANG_WARN_OBJC_LITERAL_CONVERSION = YES;
				CLANG_WARN_OBJC_ROOT_CLASS = YES_ERROR;
				CLANG_WARN_RANGE_LOOP_ANALYSIS = YES;
				CLANG_WARN_STRICT_PROTOTYPES = YES;
				CLANG_WARN_SUSPICIOUS_MOVE = YES;
				CLANG_WARN_UNGUARDED_AVAILABILITY = YES_AGGRESSIVE;
				CLANG_WARN_UNREACHABLE_CODE = YES;
				CLANG_WARN__DUPLICATE_METHOD_MATCH = YES;
				CODE_SIGN_IDENTITY = "iPhone Developer";
				COPY_PHASE_STRIP = NO;
				DEBUG_INFORMATION_FORMAT = dwarf;
				ENABLE_STRICT_OBJC_MSGSEND = YES;
				ENABLE_TESTABILITY = YES;
				GCC_C_LANGUAGE_STANDARD = gnu11;
				GCC_DYNAMIC_NO_PIC = NO;
				GCC_NO_COMMON_BLOCKS = YES;
				GCC_OPTIMIZATION_LEVEL = 0;
				GCC_PREPROCESSOR_DEFINITIONS = (
					"DEBUG=1",
					"$(inherited)",
				);
				GCC_WARN_64_TO_32_BIT_CONVERSION = YES;
				GCC_WARN_ABOUT_RETURN_TYPE = YES_ERROR;
				GCC_WARN_UNDECLARED_SELECTOR = YES;
				GCC_WARN_UNINITIALIZED_AUTOS = YES_AGGRESSIVE;
				GCC_WARN_UNUSED_FUNCTION = YES;
				GCC_WARN_UNUSED_VARIABLE = YES;
				IPHONEOS_DEPLOYMENT_TARGET = 12.2;
				MTL_ENABLE_DEBUG_INFO = INCLUDE_SOURCE;
				MTL_FAST_MATH = YES;
				ONLY_ACTIVE_ARCH = YES;
				SDKROOT = iphoneos;
				SWIFT_ACTIVE_COMPILATION_CONDITIONS = DEBUG;
				SWIFT_OPTIMIZATION_LEVEL = "-Onone";
			};
			name = Debug;
		};
		AB64E8FE2263B2A000119FCA /* Release */ = {
			isa = XCBuildConfiguration;
			buildSettings = {
				ALWAYS_SEARCH_USER_PATHS = NO;
				CLANG_ANALYZER_NONNULL = YES;
				CLANG_ANALYZER_NUMBER_OBJECT_CONVERSION = YES_AGGRESSIVE;
				CLANG_CXX_LANGUAGE_STANDARD = "gnu++14";
				CLANG_CXX_LIBRARY = "libc++";
				CLANG_ENABLE_MODULES = YES;
				CLANG_ENABLE_OBJC_ARC = YES;
				CLANG_ENABLE_OBJC_WEAK = YES;
				CLANG_WARN_BLOCK_CAPTURE_AUTORELEASING = YES;
				CLANG_WARN_BOOL_CONVERSION = YES;
				CLANG_WARN_COMMA = YES;
				CLANG_WARN_CONSTANT_CONVERSION = YES;
				CLANG_WARN_DEPRECATED_OBJC_IMPLEMENTATIONS = YES;
				CLANG_WARN_DIRECT_OBJC_ISA_USAGE = YES_ERROR;
				CLANG_WARN_DOCUMENTATION_COMMENTS = YES;
				CLANG_WARN_EMPTY_BODY = YES;
				CLANG_WARN_ENUM_CONVERSION = YES;
				CLANG_WARN_INFINITE_RECURSION = YES;
				CLANG_WARN_INT_CONVERSION = YES;
				CLANG_WARN_NON_LITERAL_NULL_CONVERSION = YES;
				CLANG_WARN_OBJC_IMPLICIT_RETAIN_SELF = YES;
				CLANG_WARN_OBJC_LITERAL_CONVERSION = YES;
				CLANG_WARN_OBJC_ROOT_CLASS = YES_ERROR;
				CLANG_WARN_RANGE_LOOP_ANALYSIS = YES;
				CLANG_WARN_STRICT_PROTOTYPES = YES;
				CLANG_WARN_SUSPICIOUS_MOVE = YES;
				CLANG_WARN_UNGUARDED_AVAILABILITY = YES_AGGRESSIVE;
				CLANG_WARN_UNREACHABLE_CODE = YES;
				CLANG_WARN__DUPLICATE_METHOD_MATCH = YES;
				CODE_SIGN_IDENTITY = "iPhone Developer";
				COPY_PHASE_STRIP = NO;
				DEBUG_INFORMATION_FORMAT = "dwarf-with-dsym";
				ENABLE_NS_ASSERTIONS = NO;
				ENABLE_STRICT_OBJC_MSGSEND = YES;
				GCC_C_LANGUAGE_STANDARD = gnu11;
				GCC_NO_COMMON_BLOCKS = YES;
				GCC_WARN_64_TO_32_BIT_CONVERSION = YES;
				GCC_WARN_ABOUT_RETURN_TYPE = YES_ERROR;
				GCC_WARN_UNDECLARED_SELECTOR = YES;
				GCC_WARN_UNINITIALIZED_AUTOS = YES_AGGRESSIVE;
				GCC_WARN_UNUSED_FUNCTION = YES;
				GCC_WARN_UNUSED_VARIABLE = YES;
				IPHONEOS_DEPLOYMENT_TARGET = 12.2;
				MTL_ENABLE_DEBUG_INFO = NO;
				MTL_FAST_MATH = YES;
				SDKROOT = iphoneos;
				SWIFT_COMPILATION_MODE = wholemodule;
				SWIFT_OPTIMIZATION_LEVEL = "-O";
				VALIDATE_PRODUCT = YES;
			};
			name = Release;
		};
		AB64E9002263B2A000119FCA /* Debug */ = {
			isa = XCBuildConfiguration;
			buildSettings = {
				ASSETCATALOG_COMPILER_APPICON_NAME = AppIcon;
				CLANG_ENABLE_MODULES = YES;
				CODE_SIGN_STYLE = Automatic;
				DEVELOPMENT_TEAM = M4Z5DVY94F;
				INFOPLIST_FILE = notify_post/Info.plist;
				IPHONEOS_DEPLOYMENT_TARGET = 11.0;
				LD_RUNPATH_SEARCH_PATHS = (
					"$(inherited)",
					"@executable_path/Frameworks",
				);
				PRODUCT_BUNDLE_IDENTIFIER = "com.lakr233.jw.notify-post";
				PRODUCT_NAME = "$(TARGET_NAME)";
				SWIFT_OBJC_BRIDGING_HEADER = "notify_post/notify_post-Bridging-Header.h";
				SWIFT_OPTIMIZATION_LEVEL = "-Onone";
				SWIFT_VERSION = 5.0;
				TARGETED_DEVICE_FAMILY = "1,2";
			};
			name = Debug;
		};
		AB64E9012263B2A000119FCA /* Release */ = {
			isa = XCBuildConfiguration;
			buildSettings = {
				ASSETCATALOG_COMPILER_APPICON_NAME = AppIcon;
				CLANG_ENABLE_MODULES = YES;
				CODE_SIGN_STYLE = Automatic;
				DEVELOPMENT_TEAM = M4Z5DVY94F;
				INFOPLIST_FILE = notify_post/Info.plist;
				IPHONEOS_DEPLOYMENT_TARGET = 11.0;
				LD_RUNPATH_SEARCH_PATHS = (
					"$(inherited)",
					"@executable_path/Frameworks",
				);
				PRODUCT_BUNDLE_IDENTIFIER = "com.lakr233.jw.notify-post";
				PRODUCT_NAME = "$(TARGET_NAME)";
				SWIFT_OBJC_BRIDGING_HEADER = "notify_post/notify_post-Bridging-Header.h";
				SWIFT_VERSION = 5.0;
				TARGETED_DEVICE_FAMILY = "1,2";
			};
			name = Release;
		};
/* End XCBuildConfiguration section */

/* Begin XCConfigurationList section */
		AB64E8E82263B29F00119FCA /* Build configuration list for PBXProject "notify_post" */ = {
			isa = XCConfigurationList;
			buildConfigurations = (
				AB64E8FD2263B2A000119FCA /* Debug */,
				AB64E8FE2263B2A000119FCA /* Release */,
			);
			defaultConfigurationIsVisible = 0;
			defaultConfigurationName = Release;
		};
		AB64E8FF2263B2A000119FCA /* Build configuration list for PBXNativeTarget "notify_post" */ = {
			isa = XCConfigurationList;
			buildConfigurations = (
				AB64E9002263B2A000119FCA /* Debug */,
				AB64E9012263B2A000119FCA /* Release */,
			);
			defaultConfigurationIsVisible = 0;
			defaultConfigurationName = Release;
		};
/* End XCConfigurationList section */
	};
	rootObject = AB64E8E52263B29F00119FCA /* Project object */;
}
